Microsoft Visual Studio Solution File, Format Version 11.00
# Visual Studio 2008

Project("{DB9F7ABD-390C-33AB-42FF-FCEBA8A5A1AD}") = "Out of light", "Assembly-CSharp.csproj", "{F07D2D58-25EC-C2F0-CA26-D4596E0B5356}"
EndProject
Global
	GlobalSection(SolutionConfigurationPlatforms) = preSolution
		Debug|Any CPU = Debug|Any CPU
		Release|Any CPU = Release|Any CPU
	EndGlobalSection
	GlobalSection(ProjectConfigurationPlatforms) = postSolution
		{F07D2D58-25EC-C2F0-CA26-D4596E0B5356}.Debug|Any CPU.ActiveCfg = Debug|Any CPU
		{F07D2D58-25EC-C2F0-CA26-D4596E0B5356}.Debug|Any CPU.Build.0 = Debug|Any CPU
		{F07D2D58-25EC-C2F0-CA26-D4596E0B5356}.Release|Any CPU.ActiveCfg = Release|Any CPU
		{F07D2D58-25EC-C2F0-CA26-D4596E0B5356}.Release|Any CPU.Build.0 = Release|Any CPU
	EndGlobalSection
	GlobalSection(SolutionProperties) = preSolution
		HideSolutionNode = FALSE
	EndGlobalSection
																																															GlobalSection(MonoDevelopProperties) = preSolution
		StartupItem = Assembly-CSharp.csproj
		Policies = $0
		$0.TextStylePolicy = $1
		$1.inheritsSet = null
		$1.scope = text/x-csharp
		$0.CSharpFormattingPolicy = $2
		$2.inheritsSet = Mono
		$2.inheritsScope = text/x-csharp
		$2.scope = text/x-csharp
		$0.TextStylePolicy = $3
		$3.FileWidth = 120
		$3.TabWidth = 4
		$3.IndentWidth = 4
		$3.EolMarker = Unix
		$3.inheritsSet = Mono
		$3.inheritsScope = text/plain
		$3.scope = text/plain
	EndGlobalSection

EndGlobal
